
Microsoft Visual Studio Solution File, Format Version 12.00
# Visual Studio Version 17
VisualStudioVersion = 17.14.36109.1 d17.14
MinimumVisualStudioVersion = 10.0.40219.1
Project("{FAE04EC0-301F-11D3-BF4B-00C04F79EFBC}") = "MyMediator.API", "MyMediator.API\MyMediator.API.csproj", "{36E4F529-FAE2-4EFF-8317-AA9D172E1B6A}"
EndProject
Project("{FAE04EC0-301F-11D3-BF4B-00C04F79EFBC}") = "MyMediator.Application", "MyMediator.Application\MyMediator.Application.csproj", "{5C79C2F4-2AA4-49B9-B823-4CC211FC1DB6}"
EndProject
Project("{FAE04EC0-301F-11D3-BF4B-00C04F79EFBC}") = "MyMediator.Domain", "MyMediator.Domain\MyMediator.Domain.csproj", "{A6F47022-A39A-4280-AEE2-80D20A4E4141}"
EndProject
Project("{FAE04EC0-301F-11D3-BF4B-00C04F79EFBC}") = "MyMediator.Infrastructure", "MyMediator.Infrastructure\MyMediator.Infrastructure.csproj", "{5BF6E65F-934B-4073-9450-7064E4560F10}"
EndProject
Project("{FAE04EC0-301F-11D3-BF4B-00C04F79EFBC}") = "MyMediator.Tests", "MyMediator.Tests\MyMediator.Tests.csproj", "{419C7F13-CF4B-44F9-AB3F-42D020165A0A}"
EndProject
Global
	GlobalSection(SolutionConfigurationPlatforms) = preSolution
		Debug|Any CPU = Debug|Any CPU
		Release|Any CPU = Release|Any CPU
	EndGlobalSection
	GlobalSection(ProjectConfigurationPlatforms) = postSolution
		{36E4F529-FAE2-4EFF-8317-AA9D172E1B6A}.Debug|Any CPU.ActiveCfg = Debug|Any CPU
		{36E4F529-FAE2-4EFF-8317-AA9D172E1B6A}.Debug|Any CPU.Build.0 = Debug|Any CPU
		{36E4F529-FAE2-4EFF-8317-AA9D172E1B6A}.Release|Any CPU.ActiveCfg = Release|Any CPU
		{36E4F529-FAE2-4EFF-8317-AA9D172E1B6A}.Release|Any CPU.Build.0 = Release|Any CPU
		{5C79C2F4-2AA4-49B9-B823-4CC211FC1DB6}.Debug|Any CPU.ActiveCfg = Debug|Any CPU
		{5C79C2F4-2AA4-49B9-B823-4CC211FC1DB6}.Debug|Any CPU.Build.0 = Debug|Any CPU
		{5C79C2F4-2AA4-49B9-B823-4CC211FC1DB6}.Release|Any CPU.ActiveCfg = Release|Any CPU
		{5C79C2F4-2AA4-49B9-B823-4CC211FC1DB6}.Release|Any CPU.Build.0 = Release|Any CPU
		{A6F47022-A39A-4280-AEE2-80D20A4E4141}.Debug|Any CPU.ActiveCfg = Debug|Any CPU
		{A6F47022-A39A-4280-AEE2-80D20A4E4141}.Debug|Any CPU.Build.0 = Debug|Any CPU
		{A6F47022-A39A-4280-AEE2-80D20A4E4141}.Release|Any CPU.ActiveCfg = Release|Any CPU
		{A6F47022-A39A-4280-AEE2-80D20A4E4141}.Release|Any CPU.Build.0 = Release|Any CPU
		{5BF6E65F-934B-4073-9450-7064E4560F10}.Debug|Any CPU.ActiveCfg = Debug|Any CPU
		{5BF6E65F-934B-4073-9450-7064E4560F10}.Debug|Any CPU.Build.0 = Debug|Any CPU
		{5BF6E65F-934B-4073-9450-7064E4560F10}.Release|Any CPU.ActiveCfg = Release|Any CPU
		{5BF6E65F-934B-4073-9450-7064E4560F10}.Release|Any CPU.Build.0 = Release|Any CPU
		{419C7F13-CF4B-44F9-AB3F-42D020165A0A}.Debug|Any CPU.ActiveCfg = Debug|Any CPU
		{419C7F13-CF4B-44F9-AB3F-42D020165A0A}.Debug|Any CPU.Build.0 = Debug|Any CPU
		{419C7F13-CF4B-44F9-AB3F-42D020165A0A}.Release|Any CPU.ActiveCfg = Release|Any CPU
		{419C7F13-CF4B-44F9-AB3F-42D020165A0A}.Release|Any CPU.Build.0 = Release|Any CPU
	EndGlobalSection
	GlobalSection(SolutionProperties) = preSolution
		HideSolutionNode = FALSE
	EndGlobalSection
	GlobalSection(ExtensibilityGlobals) = postSolution
		SolutionGuid = {CFC61651-23B3-4944-91F3-36AF35C74113}
	EndGlobalSection
EndGlobal
